
Microsoft Visual Studio Solution File, Format Version 12.00
# Visual Studio 15
VisualStudioVersion = 15.0.28010.2036
MinimumVisualStudioVersion = 10.0.40219.1
Project("{9A19103F-16F7-4668-BE54-9A1E7A4F7556}") = "BeautyCenter", "BeautyCenter\BeautyCenter.csproj", "{95FB6B40-2756-40B9-BB2D-E183599290C6}"
EndProject
Project("{2150E333-8FDC-42A3-9474-1A3956D46DE8}") = "3.Data", "3.Data", "{88B65E67-5E5A-4D38-B6AF-5D7F190C7DFC}"
EndProject
Project("{2150E333-8FDC-42A3-9474-1A3956D46DE8}") = "2.Business", "2.Business", "{BBA8AFA2-FDE9-4532-8EAC-C1531CA2DF6C}"
EndProject
Project("{2150E333-8FDC-42A3-9474-1A3956D46DE8}") = "1.Client", "1.Client", "{BC44098A-ED37-4C93-B563-B4981CB12419}"
EndProject
Project("{2150E333-8FDC-42A3-9474-1A3956D46DE8}") = "4.Common", "4.Common", "{70355E00-2ADA-4FFC-8219-0A774F6179E2}"
EndProject
Project("{9A19103F-16F7-4668-BE54-9A1E7A4F7556}") = "BeautyCenter.Business", "BeautyCenter.Business\BeautyCenter.Business.csproj", "{0149C2BD-8D03-4C88-9DCA-0CC681575A4B}"
EndProject
Project("{9A19103F-16F7-4668-BE54-9A1E7A4F7556}") = "BeautyCenter.BusinessDomain", "BeautyCenter.BusinessDomain\BeautyCenter.BusinessDomain.csproj", "{398756FB-6814-4129-9A27-166D73F9D6A9}"
EndProject
Project("{9A19103F-16F7-4668-BE54-9A1E7A4F7556}") = "BeautyCenter.Data.Config", "BeautyCenter.Data.Config\BeautyCenter.Data.Config.csproj", "{F5A66209-FF19-4BCA-A3E8-1D4B93B353CA}"
EndProject
Project("{9A19103F-16F7-4668-BE54-9A1E7A4F7556}") = "BeautyCenter.Data.Context", "BeautyCenter.Data.Context\BeautyCenter.Data.Context.csproj", "{E554C2C9-D905-4567-89F8-FFC6188984F8}"
EndProject
Project("{9A19103F-16F7-4668-BE54-9A1E7A4F7556}") = "BeautyCenter.Data.DataService", "BeautyCenter.Data.DataService\BeautyCenter.Data.DataService.csproj", "{50634CF0-3B8C-4BE8-B54C-D986F988BB6E}"
EndProject
Project("{9A19103F-16F7-4668-BE54-9A1E7A4F7556}") = "BeautyCenter.Data.Entities", "BeautyCenter.Data.Entities\BeautyCenter.Data.Entities.csproj", "{CDA2FDCC-61F1-45AD-92B2-EA73845ED280}"
EndProject
Project("{9A19103F-16F7-4668-BE54-9A1E7A4F7556}") = "BeautyCenter.Common.Commands", "BeautyCenter.Common.Commands\BeautyCenter.Common.Commands.csproj", "{66148C5F-C4BF-41D3-8D0C-64F8BBC4F8FB}"
EndProject
Project("{9A19103F-16F7-4668-BE54-9A1E7A4F7556}") = "BeautyCenter.Common.Infra", "BeautyCenter.Common.Infra\BeautyCenter.Common.Infra.csproj", "{2AD611D0-9DA7-455C-8D93-74DAE27D9E9F}"
EndProject
Project("{9A19103F-16F7-4668-BE54-9A1E7A4F7556}") = "BeautyCenter.Common.Types", "BeautyCenter.Common.Types\BeautyCenter.Common.Types.csproj", "{1EE4C6A0-9339-4734-B05E-B90D602F9081}"
EndProject
Project("{9A19103F-16F7-4668-BE54-9A1E7A4F7556}") = "BeautyCenter.Common.Utils", "BeautyCenter.Common.Utils\BeautyCenter.Common.Utils.csproj", "{3557FEF6-0C5E-4A0F-8178-BC1F9CC76887}"
EndProject
Global
	GlobalSection(SolutionConfigurationPlatforms) = preSolution
		Debug|Any CPU = Debug|Any CPU
		Release|Any CPU = Release|Any CPU
	EndGlobalSection
	GlobalSection(ProjectConfigurationPlatforms) = postSolution
		{95FB6B40-2756-40B9-BB2D-E183599290C6}.Debug|Any CPU.ActiveCfg = Debug|Any CPU
		{95FB6B40-2756-40B9-BB2D-E183599290C6}.Debug|Any CPU.Build.0 = Debug|Any CPU
		{95FB6B40-2756-40B9-BB2D-E183599290C6}.Release|Any CPU.ActiveCfg = Release|Any CPU
		{95FB6B40-2756-40B9-BB2D-E183599290C6}.Release|Any CPU.Build.0 = Release|Any CPU
		{0149C2BD-8D03-4C88-9DCA-0CC681575A4B}.Debug|Any CPU.ActiveCfg = Debug|Any CPU
		{0149C2BD-8D03-4C88-9DCA-0CC681575A4B}.Debug|Any CPU.Build.0 = Debug|Any CPU
		{0149C2BD-8D03-4C88-9DCA-0CC681575A4B}.Release|Any CPU.ActiveCfg = Release|Any CPU
		{0149C2BD-8D03-4C88-9DCA-0CC681575A4B}.Release|Any CPU.Build.0 = Release|Any CPU
		{398756FB-6814-4129-9A27-166D73F9D6A9}.Debug|Any CPU.ActiveCfg = Debug|Any CPU
		{398756FB-6814-4129-9A27-166D73F9D6A9}.Debug|Any CPU.Build.0 = Debug|Any CPU
		{398756FB-6814-4129-9A27-166D73F9D6A9}.Release|Any CPU.ActiveCfg = Release|Any CPU
		{398756FB-6814-4129-9A27-166D73F9D6A9}.Release|Any CPU.Build.0 = Release|Any CPU
		{F5A66209-FF19-4BCA-A3E8-1D4B93B353CA}.Debug|Any CPU.ActiveCfg = Debug|Any CPU
		{F5A66209-FF19-4BCA-A3E8-1D4B93B353CA}.Debug|Any CPU.Build.0 = Debug|Any CPU
		{F5A66209-FF19-4BCA-A3E8-1D4B93B353CA}.Release|Any CPU.ActiveCfg = Release|Any CPU
		{F5A66209-FF19-4BCA-A3E8-1D4B93B353CA}.Release|Any CPU.Build.0 = Release|Any CPU
		{E554C2C9-D905-4567-89F8-FFC6188984F8}.Debug|Any CPU.ActiveCfg = Debug|Any CPU
		{E554C2C9-D905-4567-89F8-FFC6188984F8}.Debug|Any CPU.Build.0 = Debug|Any CPU
		{E554C2C9-D905-4567-89F8-FFC6188984F8}.Release|Any CPU.ActiveCfg = Release|Any CPU
		{E554C2C9-D905-4567-89F8-FFC6188984F8}.Release|Any CPU.Build.0 = Release|Any CPU
		{50634CF0-3B8C-4BE8-B54C-D986F988BB6E}.Debug|Any CPU.ActiveCfg = Debug|Any CPU
		{50634CF0-3B8C-4BE8-B54C-D986F988BB6E}.Debug|Any CPU.Build.0 = Debug|Any CPU
		{50634CF0-3B8C-4BE8-B54C-D986F988BB6E}.Release|Any CPU.ActiveCfg = Release|Any CPU
		{50634CF0-3B8C-4BE8-B54C-D986F988BB6E}.Release|Any CPU.Build.0 = Release|Any CPU
		{CDA2FDCC-61F1-45AD-92B2-EA73845ED280}.Debug|Any CPU.ActiveCfg = Debug|Any CPU
		{CDA2FDCC-61F1-45AD-92B2-EA73845ED280}.Debug|Any CPU.Build.0 = Debug|Any CPU
		{CDA2FDCC-61F1-45AD-92B2-EA73845ED280}.Release|Any CPU.ActiveCfg = Release|Any CPU
		{CDA2FDCC-61F1-45AD-92B2-EA73845ED280}.Release|Any CPU.Build.0 = Release|Any CPU
		{66148C5F-C4BF-41D3-8D0C-64F8BBC4F8FB}.Debug|Any CPU.ActiveCfg = Debug|Any CPU
		{66148C5F-C4BF-41D3-8D0C-64F8BBC4F8FB}.Debug|Any CPU.Build.0 = Debug|Any CPU
		{66148C5F-C4BF-41D3-8D0C-64F8BBC4F8FB}.Release|Any CPU.ActiveCfg = Release|Any CPU
		{66148C5F-C4BF-41D3-8D0C-64F8BBC4F8FB}.Release|Any CPU.Build.0 = Release|Any CPU
		{2AD611D0-9DA7-455C-8D93-74DAE27D9E9F}.Debug|Any CPU.ActiveCfg = Debug|Any CPU
		{2AD611D0-9DA7-455C-8D93-74DAE27D9E9F}.Debug|Any CPU.Build.0 = Debug|Any CPU
		{2AD611D0-9DA7-455C-8D93-74DAE27D9E9F}.Release|Any CPU.ActiveCfg = Release|Any CPU
		{2AD611D0-9DA7-455C-8D93-74DAE27D9E9F}.Release|Any CPU.Build.0 = Release|Any CPU
		{1EE4C6A0-9339-4734-B05E-B90D602F9081}.Debug|Any CPU.ActiveCfg = Debug|Any CPU
		{1EE4C6A0-9339-4734-B05E-B90D602F9081}.Debug|Any CPU.Build.0 = Debug|Any CPU
		{1EE4C6A0-9339-4734-B05E-B90D602F9081}.Release|Any CPU.ActiveCfg = Release|Any CPU
		{1EE4C6A0-9339-4734-B05E-B90D602F9081}.Release|Any CPU.Build.0 = Release|Any CPU
		{3557FEF6-0C5E-4A0F-8178-BC1F9CC76887}.Debug|Any CPU.ActiveCfg = Debug|Any CPU
		{3557FEF6-0C5E-4A0F-8178-BC1F9CC76887}.Debug|Any CPU.Build.0 = Debug|Any CPU
		{3557FEF6-0C5E-4A0F-8178-BC1F9CC76887}.Release|Any CPU.ActiveCfg = Release|Any CPU
		{3557FEF6-0C5E-4A0F-8178-BC1F9CC76887}.Release|Any CPU.Build.0 = Release|Any CPU
	EndGlobalSection
	GlobalSection(SolutionProperties) = preSolution
		HideSolutionNode = FALSE
	EndGlobalSection
	GlobalSection(NestedProjects) = preSolution
		{95FB6B40-2756-40B9-BB2D-E183599290C6} = {BC44098A-ED37-4C93-B563-B4981CB12419}
		{0149C2BD-8D03-4C88-9DCA-0CC681575A4B} = {BBA8AFA2-FDE9-4532-8EAC-C1531CA2DF6C}
		{398756FB-6814-4129-9A27-166D73F9D6A9} = {BBA8AFA2-FDE9-4532-8EAC-C1531CA2DF6C}
		{F5A66209-FF19-4BCA-A3E8-1D4B93B353CA} = {88B65E67-5E5A-4D38-B6AF-5D7F190C7DFC}
		{E554C2C9-D905-4567-89F8-FFC6188984F8} = {88B65E67-5E5A-4D38-B6AF-5D7F190C7DFC}
		{50634CF0-3B8C-4BE8-B54C-D986F988BB6E} = {88B65E67-5E5A-4D38-B6AF-5D7F190C7DFC}
		{CDA2FDCC-61F1-45AD-92B2-EA73845ED280} = {88B65E67-5E5A-4D38-B6AF-5D7F190C7DFC}
		{66148C5F-C4BF-41D3-8D0C-64F8BBC4F8FB} = {70355E00-2ADA-4FFC-8219-0A774F6179E2}
		{2AD611D0-9DA7-455C-8D93-74DAE27D9E9F} = {70355E00-2ADA-4FFC-8219-0A774F6179E2}
		{1EE4C6A0-9339-4734-B05E-B90D602F9081} = {70355E00-2ADA-4FFC-8219-0A774F6179E2}
		{3557FEF6-0C5E-4A0F-8178-BC1F9CC76887} = {70355E00-2ADA-4FFC-8219-0A774F6179E2}
	EndGlobalSection
	GlobalSection(ExtensibilityGlobals) = postSolution
		SolutionGuid = {C22A4B14-2777-4726-9D0C-BC408C553AF7}
	EndGlobalSection
EndGlobal
