
Microsoft Visual Studio Solution File, Format Version 12.00
# Visual Studio 15
VisualStudioVersion = 15.0.28010.2036
MinimumVisualStudioVersion = 10.0.40219.1
Project("{9A19103F-16F7-4668-BE54-9A1E7A4F7556}") = "BeautyCenter", "BeautyCenter\BeautyCenter.csproj", "{95FB6B40-2756-40B9-BB2D-E183599290C6}"
EndProject
Project("{2150E333-8FDC-42A3-9474-1A3956D46DE8}") = "3.Data", "3.Data", "{88B65E67-5E5A-4D38-B6AF-5D7F190C7DFC}"
EndProject
Project("{2150E333-8FDC-42A3-9474-1A3956D46DE8}") = "2.Business", "2.Business", "{BBA8AFA2-FDE9-4532-8EAC-C1531CA2DF6C}"
EndProject
Project("{2150E333-8FDC-42A3-9474-1A3956D46DE8}") = "1.Client", "1.Client", "{BC44098A-ED37-4C93-B563-B4981CB12419}"
EndProject
Project("{2150E333-8FDC-42A3-9474-1A3956D46DE8}") = "4.Common", "4.Common", "{70355E00-2ADA-4FFC-8219-0A774F6179E2}"
EndProject
Project("{FAE04EC0-301F-11D3-BF4B-00C04F79EFBC}") = "BeautyCenter.Business", "BeautyCenter.Business\BeautyCenter.Business.csproj", "{0149C2BD-8D03-4C88-9DCA-0CC681575A4B}"
EndProject
Global
	GlobalSection(SolutionConfigurationPlatforms) = preSolution
		Debug|Any CPU = Debug|Any CPU
		Release|Any CPU = Release|Any CPU
	EndGlobalSection
	GlobalSection(ProjectConfigurationPlatforms) = postSolution
		{95FB6B40-2756-40B9-BB2D-E183599290C6}.Debug|Any CPU.ActiveCfg = Debug|Any CPU
		{95FB6B40-2756-40B9-BB2D-E183599290C6}.Debug|Any CPU.Build.0 = Debug|Any CPU
		{95FB6B40-2756-40B9-BB2D-E183599290C6}.Release|Any CPU.ActiveCfg = Release|Any CPU
		{95FB6B40-2756-40B9-BB2D-E183599290C6}.Release|Any CPU.Build.0 = Release|Any CPU
		{0149C2BD-8D03-4C88-9DCA-0CC681575A4B}.Debug|Any CPU.ActiveCfg = Debug|Any CPU
		{0149C2BD-8D03-4C88-9DCA-0CC681575A4B}.Debug|Any CPU.Build.0 = Debug|Any CPU
		{0149C2BD-8D03-4C88-9DCA-0CC681575A4B}.Release|Any CPU.ActiveCfg = Release|Any CPU
		{0149C2BD-8D03-4C88-9DCA-0CC681575A4B}.Release|Any CPU.Build.0 = Release|Any CPU
	EndGlobalSection
	GlobalSection(SolutionProperties) = preSolution
		HideSolutionNode = FALSE
	EndGlobalSection
	GlobalSection(NestedProjects) = preSolution
		{95FB6B40-2756-40B9-BB2D-E183599290C6} = {BC44098A-ED37-4C93-B563-B4981CB12419}
		{0149C2BD-8D03-4C88-9DCA-0CC681575A4B} = {BBA8AFA2-FDE9-4532-8EAC-C1531CA2DF6C}
	EndGlobalSection
	GlobalSection(ExtensibilityGlobals) = postSolution
		SolutionGuid = {C22A4B14-2777-4726-9D0C-BC408C553AF7}
	EndGlobalSection
EndGlobal
